
Microsoft Visual Studio Solution File, Format Version 12.00
# Visual Studio 2013
VisualStudioVersion = 12.0.21005.1
MinimumVisualStudioVersion = 10.0.40219.1
Project("{FAE04EC0-301F-11D3-BF4B-00C04F79EFBC}") = "LoginWebAPIDesktopAppDemo", "LoginWebAPIDesktopAppDemo\LoginWebAPIDesktopAppDemo.csproj", "{55E1AFEA-96B3-42E9-B6D8-44489C1CA29D}"
EndProject
Project("{FAE04EC0-301F-11D3-BF4B-00C04F79EFBC}") = "Login", "Login\Login.csproj", "{0C6F740D-3ED1-4AED-AE43-C7FE241F829E}"
EndProject
Global
	GlobalSection(SolutionConfigurationPlatforms) = preSolution
		Debug|Any CPU = Debug|Any CPU
		Release|Any CPU = Release|Any CPU
	EndGlobalSection
	GlobalSection(ProjectConfigurationPlatforms) = postSolution
		{55E1AFEA-96B3-42E9-B6D8-44489C1CA29D}.Debug|Any CPU.ActiveCfg = Debug|Any CPU
		{55E1AFEA-96B3-42E9-B6D8-44489C1CA29D}.Debug|Any CPU.Build.0 = Debug|Any CPU
		{55E1AFEA-96B3-42E9-B6D8-44489C1CA29D}.Release|Any CPU.ActiveCfg = Release|Any CPU
		{55E1AFEA-96B3-42E9-B6D8-44489C1CA29D}.Release|Any CPU.Build.0 = Release|Any CPU
		{0C6F740D-3ED1-4AED-AE43-C7FE241F829E}.Debug|Any CPU.ActiveCfg = Debug|Any CPU
		{0C6F740D-3ED1-4AED-AE43-C7FE241F829E}.Debug|Any CPU.Build.0 = Debug|Any CPU
		{0C6F740D-3ED1-4AED-AE43-C7FE241F829E}.Release|Any CPU.ActiveCfg = Release|Any CPU
		{0C6F740D-3ED1-4AED-AE43-C7FE241F829E}.Release|Any CPU.Build.0 = Release|Any CPU
	EndGlobalSection
	GlobalSection(SolutionProperties) = preSolution
		HideSolutionNode = FALSE
	EndGlobalSection
EndGlobal
